
Microsoft Visual Studio Solution File, Format Version 12.00
# Visual Studio Version 16
VisualStudioVersion = 16.0.31911.196
MinimumVisualStudioVersion = 10.0.40219.1
Project("{9A19103F-16F7-4668-BE54-9A1E7A4F7556}") = "ReserveIt", "ReserveIt\ReserveIt.csproj", "{5F13EEAC-B66F-4A1D-BC10-712F3AE7C71B}"
EndProject
Project("{9A19103F-16F7-4668-BE54-9A1E7A4F7556}") = "ReservationTesting", "ReservationTesting\ReservationTesting.csproj", "{1EECCB96-242B-479A-9C59-D13A7045BD93}"
EndProject
Project("{9A19103F-16F7-4668-BE54-9A1E7A4F7556}") = "Controller Tests", "Controller Tests\Controller Tests.csproj", "{E548E926-92A3-49E2-8605-645D0DADB1CE}"
EndProject
Project("{FAE04EC0-301F-11D3-BF4B-00C04F79EFBC}") = "TestingCommon", "TestingCommon\TestingCommon.csproj", "{58779BDD-80A6-4DEF-B0CE-A66AC457C488}"
EndProject
Global
	GlobalSection(SolutionConfigurationPlatforms) = preSolution
		Debug|Any CPU = Debug|Any CPU
		Release|Any CPU = Release|Any CPU
	EndGlobalSection
	GlobalSection(ProjectConfigurationPlatforms) = postSolution
		{5F13EEAC-B66F-4A1D-BC10-712F3AE7C71B}.Debug|Any CPU.ActiveCfg = Debug|Any CPU
		{5F13EEAC-B66F-4A1D-BC10-712F3AE7C71B}.Debug|Any CPU.Build.0 = Debug|Any CPU
		{5F13EEAC-B66F-4A1D-BC10-712F3AE7C71B}.Release|Any CPU.ActiveCfg = Release|Any CPU
		{5F13EEAC-B66F-4A1D-BC10-712F3AE7C71B}.Release|Any CPU.Build.0 = Release|Any CPU
		{1EECCB96-242B-479A-9C59-D13A7045BD93}.Debug|Any CPU.ActiveCfg = Debug|Any CPU
		{1EECCB96-242B-479A-9C59-D13A7045BD93}.Debug|Any CPU.Build.0 = Debug|Any CPU
		{1EECCB96-242B-479A-9C59-D13A7045BD93}.Release|Any CPU.ActiveCfg = Release|Any CPU
		{1EECCB96-242B-479A-9C59-D13A7045BD93}.Release|Any CPU.Build.0 = Release|Any CPU
		{E548E926-92A3-49E2-8605-645D0DADB1CE}.Debug|Any CPU.ActiveCfg = Debug|Any CPU
		{E548E926-92A3-49E2-8605-645D0DADB1CE}.Debug|Any CPU.Build.0 = Debug|Any CPU
		{E548E926-92A3-49E2-8605-645D0DADB1CE}.Release|Any CPU.ActiveCfg = Release|Any CPU
		{E548E926-92A3-49E2-8605-645D0DADB1CE}.Release|Any CPU.Build.0 = Release|Any CPU
		{58779BDD-80A6-4DEF-B0CE-A66AC457C488}.Debug|Any CPU.ActiveCfg = Debug|Any CPU
		{58779BDD-80A6-4DEF-B0CE-A66AC457C488}.Debug|Any CPU.Build.0 = Debug|Any CPU
		{58779BDD-80A6-4DEF-B0CE-A66AC457C488}.Release|Any CPU.ActiveCfg = Release|Any CPU
		{58779BDD-80A6-4DEF-B0CE-A66AC457C488}.Release|Any CPU.Build.0 = Release|Any CPU
	EndGlobalSection
	GlobalSection(SolutionProperties) = preSolution
		HideSolutionNode = FALSE
	EndGlobalSection
	GlobalSection(ExtensibilityGlobals) = postSolution
		SolutionGuid = {74C74F69-5938-4E15-B0E0-EB4344C0380F}
	EndGlobalSection
EndGlobal
